# THIS IS AN AUTOGENERATED FILE. DO NOT EDIT THIS FILE DIRECTLY.
# yarn lockfile v1


hamt_plus@1.0.2:
  version "1.0.2"
  resolved "https://registry.yarnpkg.com/hamt_plus/-/hamt_plus-1.0.2.tgz#e21c252968c7e33b20f6a1b094cd85787a265601"
  integrity sha1-4hwlKWjH4zsg9qGwlM2FeHomVgE=

recoil@^0.6.1:
  version "0.6.1"
  resolved "https://registry.yarnpkg.com/recoil/-/recoil-0.6.1.tgz#6fdf1ba6cb20b5a2e54ec4abcbdaa287e8a03fa2"
  integrity sha512-J7oT3LZl2vpyFClgSUpOQjpykz84VSX/NJE/PavAtR8n7Z+whEdVBPUtwc2TEWjONeL/lJmiac2XQ+qEOQA52Q==
  dependencies:
    hamt_plus "1.0.2"
